
Microsoft Visual Studio Solution File, Format Version 12.00
# Visual Studio Version 17
VisualStudioVersion = 17.10.34928.147
MinimumVisualStudioVersion = 10.0.40219.1
Project("{2150E333-8FDC-42A3-9474-1A3956D46DE8}") = "Client", "Client", "{6C2D2D74-B07A-45FC-A2D7-9980B3D371D9}"
EndProject
Project("{2150E333-8FDC-42A3-9474-1A3956D46DE8}") = "Services", "Services", "{1A6C4909-231E-4FE2-B050-10376E199E91}"
EndProject
Project("{FAE04EC0-301F-11D3-BF4B-00C04F79EFBC}") = "GeekShopping.Web", "GeekShopping.Web\GeekShopping.Web.csproj", "{90F3DB59-3A98-4193-B3D2-4CAA56E05084}"
EndProject
Global
	GlobalSection(SolutionConfigurationPlatforms) = preSolution
		Debug|Any CPU = Debug|Any CPU
		Release|Any CPU = Release|Any CPU
	EndGlobalSection
	GlobalSection(ProjectConfigurationPlatforms) = postSolution
		{90F3DB59-3A98-4193-B3D2-4CAA56E05084}.Debug|Any CPU.ActiveCfg = Debug|Any CPU
		{90F3DB59-3A98-4193-B3D2-4CAA56E05084}.Debug|Any CPU.Build.0 = Debug|Any CPU
		{90F3DB59-3A98-4193-B3D2-4CAA56E05084}.Release|Any CPU.ActiveCfg = Release|Any CPU
		{90F3DB59-3A98-4193-B3D2-4CAA56E05084}.Release|Any CPU.Build.0 = Release|Any CPU
	EndGlobalSection
	GlobalSection(SolutionProperties) = preSolution
		HideSolutionNode = FALSE
	EndGlobalSection
	GlobalSection(NestedProjects) = preSolution
		{90F3DB59-3A98-4193-B3D2-4CAA56E05084} = {6C2D2D74-B07A-45FC-A2D7-9980B3D371D9}
	EndGlobalSection
	GlobalSection(ExtensibilityGlobals) = postSolution
		SolutionGuid = {49C27FA0-DC35-4AD7-A583-8CFC7C1B92AE}
	EndGlobalSection
EndGlobal
